
Microsoft Visual Studio Solution File, Format Version 12.00
# Visual Studio Version 17
VisualStudioVersion = 17.9.34616.47
MinimumVisualStudioVersion = 10.0.40219.1
Project("{FAE04EC0-301F-11D3-BF4B-00C04F79EFBC}") = "DAFicha1", "DAFicha1.csproj", "{359EBC6E-E906-45CF-8D40-85A15702BBBF}"
EndProject
Global
	GlobalSection(SolutionConfigurationPlatforms) = preSolution
		Debug|Any CPU = Debug|Any CPU
		Release|Any CPU = Release|Any CPU
	EndGlobalSection
	GlobalSection(ProjectConfigurationPlatforms) = postSolution
		{359EBC6E-E906-45CF-8D40-85A15702BBBF}.Debug|Any CPU.ActiveCfg = Debug|Any CPU
		{359EBC6E-E906-45CF-8D40-85A15702BBBF}.Debug|Any CPU.Build.0 = Debug|Any CPU
		{359EBC6E-E906-45CF-8D40-85A15702BBBF}.Release|Any CPU.ActiveCfg = Release|Any CPU
		{359EBC6E-E906-45CF-8D40-85A15702BBBF}.Release|Any CPU.Build.0 = Release|Any CPU
	EndGlobalSection
	GlobalSection(SolutionProperties) = preSolution
		HideSolutionNode = FALSE
	EndGlobalSection
	GlobalSection(ExtensibilityGlobals) = postSolution
		SolutionGuid = {82F59589-1117-4ECF-904F-B02DE92E1199}
	EndGlobalSection
EndGlobal
